// !$*UTF8*$!
{
	archiveVersion = 1;
	classes = {
	};
	objectVersion = 55;
	objects = {

/* Begin PBXBuildFile section */
		003A7EC0282E823C00683241 /* fishingApp.swift in Sources */ = {isa = PBXBuildFile; fileRef = 003A7EBF282E823C00683241 /* fishingApp.swift */; };
		003A7EC2282E823C00683241 /* ContentView.swift in Sources */ = {isa = PBXBuildFile; fileRef = 003A7EC1282E823C00683241 /* ContentView.swift */; };
		003A7EC4282E824000683241 /* Assets.xcassets in Resources */ = {isa = PBXBuildFile; fileRef = 003A7EC3282E824000683241 /* Assets.xcassets */; };
		003A7EC7282E824000683241 /* Preview Assets.xcassets in Resources */ = {isa = PBXBuildFile; fileRef = 003A7EC6282E824000683241 /* Preview Assets.xcassets */; };
		00D7ED0A282F55FE0074CDD0 /* Game.swift in Sources */ = {isa = PBXBuildFile; fileRef = 00D7ED09282F55FE0074CDD0 /* Game.swift */; };
		00D7ED12282FA4F60074CDD0 /* fishingTests.swift in Sources */ = {isa = PBXBuildFile; fileRef = 00D7ED11282FA4F60074CDD0 /* fishingTests.swift */; };
/* End PBXBuildFile section */

/* Begin PBXContainerItemProxy section */
		00D7ED13282FA4F60074CDD0 /* PBXContainerItemProxy */ = {
			isa = PBXContainerItemProxy;
			containerPortal = 003A7EB4282E823C00683241 /* Project object */;
			proxyType = 1;
			remoteGlobalIDString = 003A7EBB282E823C00683241;
			remoteInfo = fishing;
		};
/* End PBXContainerItemProxy section */

/* Begin PBXFileReference section */
		003A7EBC282E823C00683241 /* fishing.app */ = {isa = PBXFileReference; explicitFileType = wrapper.application; includeInIndex = 0; path = fishing.app; sourceTree = BUILT_PRODUCTS_DIR; };
		003A7EBF282E823C00683241 /* fishingApp.swift */ = {isa = PBXFileReference; lastKnownFileType = sourcecode.swift; path = fishingApp.swift; sourceTree = "<group>"; };
		003A7EC1282E823C00683241 /* ContentView.swift */ = {isa = PBXFileReference; lastKnownFileType = sourcecode.swift; path = ContentView.swift; sourceTree = "<group>"; };
		003A7EC3282E824000683241 /* Assets.xcassets */ = {isa = PBXFileReference; lastKnownFileType = folder.assetcatalog; path = Assets.xcassets; sourceTree = "<group>"; };
		003A7EC6282E824000683241 /* Preview Assets.xcassets */ = {isa = PBXFileReference; lastKnownFileType = folder.assetcatalog; path = "Preview Assets.xcassets"; sourceTree = "<group>"; };
		00D7ED09282F55FE0074CDD0 /* Game.swift */ = {isa = PBXFileReference; lastKnownFileType = sourcecode.swift; path = Game.swift; sourceTree = "<group>"; };
		00D7ED0F282FA4F60074CDD0 /* fishingTests.xctest */ = {isa = PBXFileReference; explicitFileType = wrapper.cfbundle; includeInIndex = 0; path = fishingTests.xctest; sourceTree = BUILT_PRODUCTS_DIR; };
		00D7ED11282FA4F60074CDD0 /* fishingTests.swift */ = {isa = PBXFileReference; lastKnownFileType = sourcecode.swift; path = fishingTests.swift; sourceTree = "<group>"; };
/* End PBXFileReference section */

/* Begin PBXFrameworksBuildPhase section */
		003A7EB9282E823C00683241 /* Frameworks */ = {
			isa = PBXFrameworksBuildPhase;
			buildActionMask = 2147483647;
			files = (
			);
			runOnlyForDeploymentPostprocessing = 0;
		};
		00D7ED0C282FA4F60074CDD0 /* Frameworks */ = {
			isa = PBXFrameworksBuildPhase;
			buildActionMask = 2147483647;
			files = (
			);
			runOnlyForDeploymentPostprocessing = 0;
		};
/* End PBXFrameworksBuildPhase section */

/* Begin PBXGroup section */
		003A7EB3282E823C00683241 = {
			isa = PBXGroup;
			children = (
				003A7EBE282E823C00683241 /* fishing */,
				00D7ED10282FA4F60074CDD0 /* fishingTests */,
				003A7EBD282E823C00683241 /* Products */,
			);
			sourceTree = "<group>";
		};
		003A7EBD282E823C00683241 /* Products */ = {
			isa = PBXGroup;
			children = (
				003A7EBC282E823C00683241 /* fishing.app */,
				00D7ED0F282FA4F60074CDD0 /* fishingTests.xctest */,
			);
			name = Products;
			sourceTree = "<group>";
		};
		003A7EBE282E823C00683241 /* fishing */ = {
			isa = PBXGroup;
			children = (
				00D7ED08282F55280074CDD0 /* App */,
				00D7ED07282F55040074CDD0 /* Views */,
				00D7ED06282F54EA0074CDD0 /* Models */,
				003A7EC5282E824000683241 /* Preview Content */,
			);
			path = fishing;
			sourceTree = "<group>";
		};
		003A7EC5282E824000683241 /* Preview Content */ = {
			isa = PBXGroup;
			children = (
				003A7EC6282E824000683241 /* Preview Assets.xcassets */,
			);
			path = "Preview Content";
			sourceTree = "<group>";
		};
		00D7ED06282F54EA0074CDD0 /* Models */ = {
			isa = PBXGroup;
			children = (
				00D7ED09282F55FE0074CDD0 /* Game.swift */,
			);
			path = Models;
			sourceTree = "<group>";
		};
		00D7ED07282F55040074CDD0 /* Views */ = {
			isa = PBXGroup;
			children = (
				003A7EC1282E823C00683241 /* ContentView.swift */,
			);
			path = Views;
			sourceTree = "<group>";
		};
		00D7ED08282F55280074CDD0 /* App */ = {
			isa = PBXGroup;
			children = (
				003A7EBF282E823C00683241 /* fishingApp.swift */,
				003A7EC3282E824000683241 /* Assets.xcassets */,
			);
			path = App;
			sourceTree = "<group>";
		};
		00D7ED10282FA4F60074CDD0 /* fishingTests */ = {
			isa = PBXGroup;
			children = (
				00D7ED11282FA4F60074CDD0 /* fishingTests.swift */,
			);
			path = fishingTests;
			sourceTree = "<group>";
		};
/* End PBXGroup section */

/* Begin PBXNativeTarget section */
		003A7EBB282E823C00683241 /* fishing */ = {
			isa = PBXNativeTarget;
			buildConfigurationList = 003A7ECA282E824000683241 /* Build configuration list for PBXNativeTarget "fishing" */;
			buildPhases = (
				003A7EB8282E823C00683241 /* Sources */,
				003A7EB9282E823C00683241 /* Frameworks */,
				003A7EBA282E823C00683241 /* Resources */,
			);
			buildRules = (
			);
			dependencies = (
			);
			name = fishing;
			productName = fishing;
			productReference = 003A7EBC282E823C00683241 /* fishing.app */;
			productType = "com.apple.product-type.application";
		};
		00D7ED0E282FA4F60074CDD0 /* fishingTests */ = {
			isa = PBXNativeTarget;
			buildConfigurationList = 00D7ED15282FA4F60074CDD0 /* Build configuration list for PBXNativeTarget "fishingTests" */;
			buildPhases = (
				00D7ED0B282FA4F60074CDD0 /* Sources */,
				00D7ED0C282FA4F60074CDD0 /* Frameworks */,
				00D7ED0D282FA4F60074CDD0 /* Resources */,
			);
			buildRules = (
			);
			dependencies = (
				00D7ED14282FA4F60074CDD0 /* PBXTargetDependency */,
			);
			name = fishingTests;
			productName = fishingTests;
			productReference = 00D7ED0F282FA4F60074CDD0 /* fishingTests.xctest */;
			productType = "com.apple.product-type.bundle.unit-test";
		};
/* End PBXNativeTarget section */

/* Begin PBXProject section */
		003A7EB4282E823C00683241 /* Project object */ = {
			isa = PBXProject;
			attributes = {
				BuildIndependentTargetsInParallel = 1;
				LastSwiftUpdateCheck = 1330;
				LastUpgradeCheck = 1330;
				TargetAttributes = {
					003A7EBB282E823C00683241 = {
						CreatedOnToolsVersion = 13.3.1;
					};
					00D7ED0E282FA4F60074CDD0 = {
						CreatedOnToolsVersion = 13.3.1;
						TestTargetID = 003A7EBB282E823C00683241;
					};
				};
			};
			buildConfigurationList = 003A7EB7282E823C00683241 /* Build configuration list for PBXProject "fishing" */;
			compatibilityVersion = "Xcode 13.0";
			developmentRegion = en;
			hasScannedForEncodings = 0;
			knownRegions = (
				en,
				Base,
			);
			mainGroup = 003A7EB3282E823C00683241;
			productRefGroup = 003A7EBD282E823C00683241 /* Products */;
			projectDirPath = "";
			projectRoot = "";
			targets = (
				003A7EBB282E823C00683241 /* fishing */,
				00D7ED0E282FA4F60074CDD0 /* fishingTests */,
			);
		};
/* End PBXProject section */

/* Begin PBXResourcesBuildPhase section */
		003A7EBA282E823C00683241 /* Resources */ = {
			isa = PBXResourcesBuildPhase;
			buildActionMask = 2147483647;
			files = (
				003A7EC7282E824000683241 /* Preview Assets.xcassets in Resources */,
				003A7EC4282E824000683241 /* Assets.xcassets in Resources */,
			);
			runOnlyForDeploymentPostprocessing = 0;
		};
		00D7ED0D282FA4F60074CDD0 /* Resources */ = {
			isa = PBXResourcesBuildPhase;
			buildActionMask = 2147483647;
			files = (
			);
			runOnlyForDeploymentPostprocessing = 0;
		};
/* End PBXResourcesBuildPhase section */

/* Begin PBXSourcesBuildPhase section */
		003A7EB8282E823C00683241 /* Sources */ = {
			isa = PBXSourcesBuildPhase;
			buildActionMask = 2147483647;
			files = (
				003A7EC2282E823C00683241 /* ContentView.swift in Sources */,
				00D7ED0A282F55FE0074CDD0 /* Game.swift in Sources */,
				003A7EC0282E823C00683241 /* fishingApp.swift in Sources */,
			);
			runOnlyForDeploymentPostprocessing = 0;
		};
		00D7ED0B282FA4F60074CDD0 /* Sources */ = {
			isa = PBXSourcesBuildPhase;
			buildActionMask = 2147483647;
			files = (
				00D7ED12282FA4F60074CDD0 /* fishingTests.swift in Sources */,
			);
			runOnlyForDeploymentPostprocessing = 0;
		};
/* End PBXSourcesBuildPhase section */

/* Begin PBXTargetDependency section */
		00D7ED14282FA4F60074CDD0 /* PBXTargetDependency */ = {
			isa = PBXTargetDependency;
			target = 003A7EBB282E823C00683241 /* fishing */;
			targetProxy = 00D7ED13282FA4F60074CDD0 /* PBXContainerItemProxy */;
		};
/* End PBXTargetDependency section */

/* Begin XCBuildConfiguration section */
		003A7EC8282E824000683241 /* Debug */ = {
			isa = XCBuildConfiguration;
			buildSettings = {
				ALWAYS_SEARCH_USER_PATHS = NO;
				CLANG_ANALYZER_NONNULL = YES;
				CLANG_ANALYZER_NUMBER_OBJECT_CONVERSION = YES_AGGRESSIVE;
				CLANG_CXX_LANGUAGE_STANDARD = "gnu++17";
				CLANG_ENABLE_MODULES = YES;
				CLANG_ENABLE_OBJC_ARC = YES;
				CLANG_ENABLE_OBJC_WEAK = YES;
				CLANG_WARN_BLOCK_CAPTURE_AUTORELEASING = YES;
				CLANG_WARN_BOOL_CONVERSION = YES;
				CLANG_WARN_COMMA = YES;
				CLANG_WARN_CONSTANT_CONVERSION = YES;
				CLANG_WARN_DEPRECATED_OBJC_IMPLEMENTATIONS = YES;
				CLANG_WARN_DIRECT_OBJC_ISA_USAGE = YES_ERROR;
				CLANG_WARN_DOCUMENTATION_COMMENTS = YES;
				CLANG_WARN_EMPTY_BODY = YES;
				CLANG_WARN_ENUM_CONVERSION = YES;
				CLANG_WARN_INFINITE_RECURSION = YES;
				CLANG_WARN_INT_CONVERSION = YES;
				CLANG_WARN_NON_LITERAL_NULL_CONVERSION = YES;
				CLANG_WARN_OBJC_IMPLICIT_RETAIN_SELF = YES;
				CLANG_WARN_OBJC_LITERAL_CONVERSION = YES;
				CLANG_WARN_OBJC_ROOT_CLASS = YES_ERROR;
				CLANG_WARN_QUOTED_INCLUDE_IN_FRAMEWORK_HEADER = YES;
				CLANG_WARN_RANGE_LOOP_ANALYSIS = YES;
				CLANG_WARN_STRICT_PROTOTYPES = YES;
				CLANG_WARN_SUSPICIOUS_MOVE = YES;
				CLANG_WARN_UNGUARDED_AVAILABILITY = YES_AGGRESSIVE;
				CLANG_WARN_UNREACHABLE_CODE = YES;
				CLANG_WARN__DUPLICATE_METHOD_MATCH = YES;
				COPY_PHASE_STRIP = NO;
				DEBUG_INFORMATION_FORMAT = dwarf;
				ENABLE_STRICT_OBJC_MSGSEND = YES;
				ENABLE_TESTABILITY = YES;
				GCC_C_LANGUAGE_STANDARD = gnu11;
				GCC_DYNAMIC_NO_PIC = NO;
				GCC_NO_COMMON_BLOCKS = YES;
				GCC_OPTIMIZATION_LEVEL = 0;
				GCC_PREPROCESSOR_DEFINITIONS = (
					"DEBUG=1",
					"$(inherited)",
				);
				GCC_WARN_64_TO_32_BIT_CONVERSION = YES;
				GCC_WARN_ABOUT_RETURN_TYPE = YES_ERROR;
				GCC_WARN_UNDECLARED_SELECTOR = YES;
				GCC_WARN_UNINITIALIZED_AUTOS = YES_AGGRESSIVE;
				GCC_WARN_UNUSED_FUNCTION = YES;
				GCC_WARN_UNUSED_VARIABLE = YES;
				IPHONEOS_DEPLOYMENT_TARGET = 15.4;
				MTL_ENABLE_DEBUG_INFO = INCLUDE_SOURCE;
				MTL_FAST_MATH = YES;
				ONLY_ACTIVE_ARCH = YES;
				SDKROOT = iphoneos;
				SWIFT_ACTIVE_COMPILATION_CONDITIONS = DEBUG;
				SWIFT_OPTIMIZATION_LEVEL = "-Onone";
			};
			name = Debug;
		};
		003A7EC9282E824000683241 /* Release */ = {
			isa = XCBuildConfiguration;
			buildSettings = {
				ALWAYS_SEARCH_USER_PATHS = NO;
				CLANG_ANALYZER_NONNULL = YES;
				CLANG_ANALYZER_NUMBER_OBJECT_CONVERSION = YES_AGGRESSIVE;
				CLANG_CXX_LANGUAGE_STANDARD = "gnu++17";
				CLANG_ENABLE_MODULES = YES;
				CLANG_ENABLE_OBJC_ARC = YES;
				CLANG_ENABLE_OBJC_WEAK = YES;
				CLANG_WARN_BLOCK_CAPTURE_AUTORELEASING = YES;
				CLANG_WARN_BOOL_CONVERSION = YES;
				CLANG_WARN_COMMA = YES;
				CLANG_WARN_CONSTANT_CONVERSION = YES;
				CLANG_WARN_DEPRECATED_OBJC_IMPLEMENTATIONS = YES;
				CLANG_WARN_DIRECT_OBJC_ISA_USAGE = YES_ERROR;
				CLANG_WARN_DOCUMENTATION_COMMENTS = YES;
				CLANG_WARN_EMPTY_BODY = YES;
				CLANG_WARN_ENUM_CONVERSION = YES;
				CLANG_WARN_INFINITE_RECURSION = YES;
				CLANG_WARN_INT_CONVERSION = YES;
				CLANG_WARN_NON_LITERAL_NULL_CONVERSION = YES;
				CLANG_WARN_OBJC_IMPLICIT_RETAIN_SELF = YES;
				CLANG_WARN_OBJC_LITERAL_CONVERSION = YES;
				CLANG_WARN_OBJC_ROOT_CLASS = YES_ERROR;
				CLANG_WARN_QUOTED_INCLUDE_IN_FRAMEWORK_HEADER = YES;
				CLANG_WARN_RANGE_LOOP_ANALYSIS = YES;
				CLANG_WARN_STRICT_PROTOTYPES = YES;
				CLANG_WARN_SUSPICIOUS_MOVE = YES;
				CLANG_WARN_UNGUARDED_AVAILABILITY = YES_AGGRESSIVE;
				CLANG_WARN_UNREACHABLE_CODE = YES;
				CLANG_WARN__DUPLICATE_METHOD_MATCH = YES;
				COPY_PHASE_STRIP = NO;
				DEBUG_INFORMATION_FORMAT = "dwarf-with-dsym";
				ENABLE_NS_ASSERTIONS = NO;
				ENABLE_STRICT_OBJC_MSGSEND = YES;
				GCC_C_LANGUAGE_STANDARD = gnu11;
				GCC_NO_COMMON_BLOCKS = YES;
				GCC_WARN_64_TO_32_BIT_CONVERSION = YES;
				GCC_WARN_ABOUT_RETURN_TYPE = YES_ERROR;
				GCC_WARN_UNDECLARED_SELECTOR = YES;
				GCC_WARN_UNINITIALIZED_AUTOS = YES_AGGRESSIVE;
				GCC_WARN_UNUSED_FUNCTION = YES;
				GCC_WARN_UNUSED_VARIABLE = YES;
				IPHONEOS_DEPLOYMENT_TARGET = 15.4;
				MTL_ENABLE_DEBUG_INFO = NO;
				MTL_FAST_MATH = YES;
				SDKROOT = iphoneos;
				SWIFT_COMPILATION_MODE = wholemodule;
				SWIFT_OPTIMIZATION_LEVEL = "-O";
				VALIDATE_PRODUCT = YES;
			};
			name = Release;
		};
		003A7ECB282E824000683241 /* Debug */ = {
			isa = XCBuildConfiguration;
			buildSettings = {
				ASSETCATALOG_COMPILER_APPICON_NAME = AppIcon;
				ASSETCATALOG_COMPILER_GLOBAL_ACCENT_COLOR_NAME = AccentColor;
				CODE_SIGN_STYLE = Automatic;
				CURRENT_PROJECT_VERSION = 1;
				DEVELOPMENT_ASSET_PATHS = "\"fishing/Preview Content\"";
				DEVELOPMENT_TEAM = HJH6JGXG29;
				ENABLE_PREVIEWS = YES;
				GENERATE_INFOPLIST_FILE = YES;
				INFOPLIST_KEY_UIApplicationSceneManifest_Generation = YES;
				INFOPLIST_KEY_UIApplicationSupportsIndirectInputEvents = YES;
				INFOPLIST_KEY_UILaunchScreen_Generation = YES;
				INFOPLIST_KEY_UISupportedInterfaceOrientations_iPad = "UIInterfaceOrientationPortrait UIInterfaceOrientationPortraitUpsideDown UIInterfaceOrientationLandscapeLeft UIInterfaceOrientationLandscapeRight";
				INFOPLIST_KEY_UISupportedInterfaceOrientations_iPhone = "UIInterfaceOrientationPortrait UIInterfaceOrientationLandscapeLeft UIInterfaceOrientationLandscapeRight";
				LD_RUNPATH_SEARCH_PATHS = (
					"$(inherited)",
					"@executable_path/Frameworks",
				);
				MARKETING_VERSION = 1.0;
				PRODUCT_BUNDLE_IDENTIFIER = com.test.fishing;
				PRODUCT_NAME = "$(TARGET_NAME)";
				SWIFT_EMIT_LOC_STRINGS = YES;
				SWIFT_VERSION = 5.0;
				TARGETED_DEVICE_FAMILY = "1,2";
			};
			name = Debug;
		};
		003A7ECC282E824000683241 /* Release */ = {
			isa = XCBuildConfiguration;
			buildSettings = {
				ASSETCATALOG_COMPILER_APPICON_NAME = AppIcon;
				ASSETCATALOG_COMPILER_GLOBAL_ACCENT_COLOR_NAME = AccentColor;
				CODE_SIGN_STYLE = Automatic;
				CURRENT_PROJECT_VERSION = 1;
				DEVELOPMENT_ASSET_PATHS = "\"fishing/Preview Content\"";
				DEVELOPMENT_TEAM = HJH6JGXG29;
				ENABLE_PREVIEWS = YES;
				GENERATE_INFOPLIST_FILE = YES;
				INFOPLIST_KEY_UIApplicationSceneManifest_Generation = YES;
				INFOPLIST_KEY_UIApplicationSupportsIndirectInputEvents = YES;
				INFOPLIST_KEY_UILaunchScreen_Generation = YES;
				INFOPLIST_KEY_UISupportedInterfaceOrientations_iPad = "UIInterfaceOrientationPortrait UIInterfaceOrientationPortraitUpsideDown UIInterfaceOrientationLandscapeLeft UIInterfaceOrientationLandscapeRight";
				INFOPLIST_KEY_UISupportedInterfaceOrientations_iPhone = "UIInterfaceOrientationPortrait UIInterfaceOrientationLandscapeLeft UIInterfaceOrientationLandscapeRight";
				LD_RUNPATH_SEARCH_PATHS = (
					"$(inherited)",
					"@executable_path/Frameworks",
				);
				MARKETING_VERSION = 1.0;
				PRODUCT_BUNDLE_IDENTIFIER = com.test.fishing;
				PRODUCT_NAME = "$(TARGET_NAME)";
				SWIFT_EMIT_LOC_STRINGS = YES;
				SWIFT_VERSION = 5.0;
				TARGETED_DEVICE_FAMILY = "1,2";
			};
			name = Release;
		};
		00D7ED16282FA4F60074CDD0 /* Debug */ = {
			isa = XCBuildConfiguration;
			buildSettings = {
				BUNDLE_LOADER = "$(TEST_HOST)";
				CODE_SIGN_STYLE = Automatic;
				CURRENT_PROJECT_VERSION = 1;
				DEVELOPMENT_TEAM = HJH6JGXG29;
				GENERATE_INFOPLIST_FILE = YES;
				MARKETING_VERSION = 1.0;
				PRODUCT_BUNDLE_IDENTIFIER = com.test.fishingTests;
				PRODUCT_NAME = "$(TARGET_NAME)";
				SWIFT_EMIT_LOC_STRINGS = NO;
				SWIFT_VERSION = 5.0;
				TARGETED_DEVICE_FAMILY = "1,2";
				TEST_HOST = "$(BUILT_PRODUCTS_DIR)/fishing.app/fishing";
			};
			name = Debug;
		};
		00D7ED17282FA4F60074CDD0 /* Release */ = {
			isa = XCBuildConfiguration;
			buildSettings = {
				BUNDLE_LOADER = "$(TEST_HOST)";
				CODE_SIGN_STYLE = Automatic;
				CURRENT_PROJECT_VERSION = 1;
				DEVELOPMENT_TEAM = HJH6JGXG29;
				GENERATE_INFOPLIST_FILE = YES;
				MARKETING_VERSION = 1.0;
				PRODUCT_BUNDLE_IDENTIFIER = com.test.fishingTests;
				PRODUCT_NAME = "$(TARGET_NAME)";
				SWIFT_EMIT_LOC_STRINGS = NO;
				SWIFT_VERSION = 5.0;
				TARGETED_DEVICE_FAMILY = "1,2";
				TEST_HOST = "$(BUILT_PRODUCTS_DIR)/fishing.app/fishing";
			};
			name = Release;
		};
/* End XCBuildConfiguration section */

/* Begin XCConfigurationList section */
		003A7EB7282E823C00683241 /* Build configuration list for PBXProject "fishing" */ = {
			isa = XCConfigurationList;
			buildConfigurations = (
				003A7EC8282E824000683241 /* Debug */,
				003A7EC9282E824000683241 /* Release */,
			);
			defaultConfigurationIsVisible = 0;
			defaultConfigurationName = Release;
		};
		003A7ECA282E824000683241 /* Build configuration list for PBXNativeTarget "fishing" */ = {
			isa = XCConfigurationList;
			buildConfigurations = (
				003A7ECB282E824000683241 /* Debug */,
				003A7ECC282E824000683241 /* Release */,
			);
			defaultConfigurationIsVisible = 0;
			defaultConfigurationName = Release;
		};
		00D7ED15282FA4F60074CDD0 /* Build configuration list for PBXNativeTarget "fishingTests" */ = {
			isa = XCConfigurationList;
			buildConfigurations = (
				00D7ED16282FA4F60074CDD0 /* Debug */,
				00D7ED17282FA4F60074CDD0 /* Release */,
			);
			defaultConfigurationIsVisible = 0;
			defaultConfigurationName = Release;
		};
/* End XCConfigurationList section */
	};
	rootObject = 003A7EB4282E823C00683241 /* Project object */;
}
